
Microsoft Visual Studio Solution File, Format Version 12.00
# Visual Studio Version 17
VisualStudioVersion = 17.8.34330.188
MinimumVisualStudioVersion = 10.0.40219.1
Project("{FAE04EC0-301F-11D3-BF4B-00C04F79EFBC}") = "RepositoryPatternApi", "RepositoryPatternApi\RepositoryPatternApi.csproj", "{73EEBF23-9B4B-4CCA-BFBF-D554ABB683C6}"
EndProject
Global
	GlobalSection(SolutionConfigurationPlatforms) = preSolution
		Debug|Any CPU = Debug|Any CPU
		Release|Any CPU = Release|Any CPU
	EndGlobalSection
	GlobalSection(ProjectConfigurationPlatforms) = postSolution
		{73EEBF23-9B4B-4CCA-BFBF-D554ABB683C6}.Debug|Any CPU.ActiveCfg = Debug|Any CPU
		{73EEBF23-9B4B-4CCA-BFBF-D554ABB683C6}.Debug|Any CPU.Build.0 = Debug|Any CPU
		{73EEBF23-9B4B-4CCA-BFBF-D554ABB683C6}.Release|Any CPU.ActiveCfg = Release|Any CPU
		{73EEBF23-9B4B-4CCA-BFBF-D554ABB683C6}.Release|Any CPU.Build.0 = Release|Any CPU
	EndGlobalSection
	GlobalSection(SolutionProperties) = preSolution
		HideSolutionNode = FALSE
	EndGlobalSection
	GlobalSection(ExtensibilityGlobals) = postSolution
		SolutionGuid = {CB1FC9EA-8A28-4388-8B79-194AFF60D5FB}
	EndGlobalSection
EndGlobal
